
Microsoft Visual Studio Solution File, Format Version 12.00
# Visual Studio 15
VisualStudioVersion = 15.0.28307.329
MinimumVisualStudioVersion = 10.0.40219.1
Project("{FAE04EC0-301F-11D3-BF4B-00C04F79EFBC}") = "TwitInterf", "TwitInterf\TwitInterf.csproj", "{3EE1CC80-9BD0-4079-BB1D-640B0E5DC2AF}"
EndProject
Global
	GlobalSection(SolutionConfigurationPlatforms) = preSolution
		Debug|Any CPU = Debug|Any CPU
		Release|Any CPU = Release|Any CPU
	EndGlobalSection
	GlobalSection(ProjectConfigurationPlatforms) = postSolution
		{3EE1CC80-9BD0-4079-BB1D-640B0E5DC2AF}.Debug|Any CPU.ActiveCfg = Debug|Any CPU
		{3EE1CC80-9BD0-4079-BB1D-640B0E5DC2AF}.Debug|Any CPU.Build.0 = Debug|Any CPU
		{3EE1CC80-9BD0-4079-BB1D-640B0E5DC2AF}.Release|Any CPU.ActiveCfg = Release|Any CPU
		{3EE1CC80-9BD0-4079-BB1D-640B0E5DC2AF}.Release|Any CPU.Build.0 = Release|Any CPU
	EndGlobalSection
	GlobalSection(SolutionProperties) = preSolution
		HideSolutionNode = FALSE
	EndGlobalSection
	GlobalSection(ExtensibilityGlobals) = postSolution
		SolutionGuid = {6EAF9112-9020-4DAD-AA90-B559E0F4D83D}
	EndGlobalSection
EndGlobal
